
Microsoft Visual Studio Solution File, Format Version 12.00
# Visual Studio 15
VisualStudioVersion = 15.0.27130.2027
MinimumVisualStudioVersion = 10.0.40219.1
Project("{FAE04EC0-301F-11D3-BF4B-00C04F79EFBC}") = "Bamboo-Bot", "Bamboo-Bot\Bamboo-Bot.csproj", "{B20889F8-C9E2-42A2-897F-C912A19D81BC}"
EndProject
Global
	GlobalSection(SolutionConfigurationPlatforms) = preSolution
		Debug|Any CPU = Debug|Any CPU
		Release|Any CPU = Release|Any CPU
	EndGlobalSection
	GlobalSection(ProjectConfigurationPlatforms) = postSolution
		{B20889F8-C9E2-42A2-897F-C912A19D81BC}.Debug|Any CPU.ActiveCfg = Debug|Any CPU
		{B20889F8-C9E2-42A2-897F-C912A19D81BC}.Debug|Any CPU.Build.0 = Debug|Any CPU
		{B20889F8-C9E2-42A2-897F-C912A19D81BC}.Release|Any CPU.ActiveCfg = Release|Any CPU
		{B20889F8-C9E2-42A2-897F-C912A19D81BC}.Release|Any CPU.Build.0 = Release|Any CPU
	EndGlobalSection
	GlobalSection(SolutionProperties) = preSolution
		HideSolutionNode = FALSE
	EndGlobalSection
	GlobalSection(ExtensibilityGlobals) = postSolution
		SolutionGuid = {3EA5C520-1C7C-4F61-8013-A72357437845}
	EndGlobalSection
EndGlobal
